
Microsoft Visual Studio Solution File, Format Version 12.00
# Visual Studio Version 17
VisualStudioVersion = 17.3.32901.215
MinimumVisualStudioVersion = 10.0.40219.1
Project("{FAE04EC0-301F-11D3-BF4B-00C04F79EFBC}") = "TeamManagementApp", "TeamManagementApp\TeamManagementApp.csproj", "{4E047149-C30C-49A4-B870-8FEAAA958DEF}"
EndProject
Global
	GlobalSection(SolutionConfigurationPlatforms) = preSolution
		Debug|Any CPU = Debug|Any CPU
		Release|Any CPU = Release|Any CPU
	EndGlobalSection
	GlobalSection(ProjectConfigurationPlatforms) = postSolution
		{4E047149-C30C-49A4-B870-8FEAAA958DEF}.Debug|Any CPU.ActiveCfg = Debug|Any CPU
		{4E047149-C30C-49A4-B870-8FEAAA958DEF}.Debug|Any CPU.Build.0 = Debug|Any CPU
		{4E047149-C30C-49A4-B870-8FEAAA958DEF}.Release|Any CPU.ActiveCfg = Release|Any CPU
		{4E047149-C30C-49A4-B870-8FEAAA958DEF}.Release|Any CPU.Build.0 = Release|Any CPU
	EndGlobalSection
	GlobalSection(SolutionProperties) = preSolution
		HideSolutionNode = FALSE
	EndGlobalSection
	GlobalSection(ExtensibilityGlobals) = postSolution
		SolutionGuid = {A6FE2016-7E61-4022-8B00-97B0DF7EE7E0}
	EndGlobalSection
EndGlobal
